// !$*UTF8*$!
{
	archiveVersion = 1;
	classes = {
	};
	objectVersion = 56;
	objects = {

/* Begin PBXBuildFile section */
		DE30859228FB31E800A98E84 /* LoginViewController.swift in Sources */ = {isa = PBXBuildFile; fileRef = DE30859128FB31E800A98E84 /* LoginViewController.swift */; };
		DE30859428FDC19C00A98E84 /* MyGroupsTableViewController.swift in Sources */ = {isa = PBXBuildFile; fileRef = DE30859328FDC19C00A98E84 /* MyGroupsTableViewController.swift */; };
		DE30859728FDCBC400A98E84 /* MyGroupCell.swift in Sources */ = {isa = PBXBuildFile; fileRef = DE30859628FDCBC300A98E84 /* MyGroupCell.swift */; };
		DE30859928FDD17F00A98E84 /* Group.swift in Sources */ = {isa = PBXBuildFile; fileRef = DE30859828FDD17F00A98E84 /* Group.swift */; };
		DE30859B28FEE86400A98E84 /* Friend.swift in Sources */ = {isa = PBXBuildFile; fileRef = DE30859A28FEE86400A98E84 /* Friend.swift */; };
		DE30859D28FF2B8000A98E84 /* MyFriendsViewController.swift in Sources */ = {isa = PBXBuildFile; fileRef = DE30859C28FF2B8000A98E84 /* MyFriendsViewController.swift */; };
		DE30859F28FF2BCA00A98E84 /* MyFriendsCell.swift in Sources */ = {isa = PBXBuildFile; fileRef = DE30859E28FF2BCA00A98E84 /* MyFriendsCell.swift */; };
		DEBE8D9E28F2BCD70046EE88 /* AppDelegate.swift in Sources */ = {isa = PBXBuildFile; fileRef = DEBE8D9D28F2BCD70046EE88 /* AppDelegate.swift */; };
		DEBE8DA028F2BCD70046EE88 /* SceneDelegate.swift in Sources */ = {isa = PBXBuildFile; fileRef = DEBE8D9F28F2BCD70046EE88 /* SceneDelegate.swift */; };
		DEBE8DA228F2BCD70046EE88 /* ViewController.swift in Sources */ = {isa = PBXBuildFile; fileRef = DEBE8DA128F2BCD70046EE88 /* ViewController.swift */; };
		DEBE8DA528F2BCD70046EE88 /* Main.storyboard in Resources */ = {isa = PBXBuildFile; fileRef = DEBE8DA328F2BCD70046EE88 /* Main.storyboard */; };
		DEBE8DA728F2BCD80046EE88 /* Assets.xcassets in Resources */ = {isa = PBXBuildFile; fileRef = DEBE8DA628F2BCD80046EE88 /* Assets.xcassets */; };
		DEBE8DAA28F2BCD80046EE88 /* LaunchScreen.storyboard in Resources */ = {isa = PBXBuildFile; fileRef = DEBE8DA828F2BCD80046EE88 /* LaunchScreen.storyboard */; };
		DEFEF21228FF52E10031D54A /* FriendViewController.swift in Sources */ = {isa = PBXBuildFile; fileRef = DEFEF21128FF52E10031D54A /* FriendViewController.swift */; };
		DEFEF21428FF53200031D54A /* FriendViewCell.swift in Sources */ = {isa = PBXBuildFile; fileRef = DEFEF21328FF53200031D54A /* FriendViewCell.swift */; };
		DEFEF219290004D00031D54A /* GlobalGroupsViewController.swift in Sources */ = {isa = PBXBuildFile; fileRef = DEFEF218290004D00031D54A /* GlobalGroupsViewController.swift */; };
		DEFEF21B29001C810031D54A /* GlobalGroupsViewCell.swift in Sources */ = {isa = PBXBuildFile; fileRef = DEFEF21A29001C810031D54A /* GlobalGroupsViewCell.swift */; };
/* End PBXBuildFile section */

/* Begin PBXFileReference section */
		DE30859128FB31E800A98E84 /* LoginViewController.swift */ = {isa = PBXFileReference; lastKnownFileType = sourcecode.swift; path = LoginViewController.swift; sourceTree = "<group>"; };
		DE30859328FDC19C00A98E84 /* MyGroupsTableViewController.swift */ = {isa = PBXFileReference; lastKnownFileType = sourcecode.swift; path = MyGroupsTableViewController.swift; sourceTree = "<group>"; };
		DE30859628FDCBC300A98E84 /* MyGroupCell.swift */ = {isa = PBXFileReference; lastKnownFileType = sourcecode.swift; path = MyGroupCell.swift; sourceTree = "<group>"; };
		DE30859828FDD17F00A98E84 /* Group.swift */ = {isa = PBXFileReference; lastKnownFileType = sourcecode.swift; path = Group.swift; sourceTree = "<group>"; };
		DE30859A28FEE86400A98E84 /* Friend.swift */ = {isa = PBXFileReference; lastKnownFileType = sourcecode.swift; path = Friend.swift; sourceTree = "<group>"; };
		DE30859C28FF2B8000A98E84 /* MyFriendsViewController.swift */ = {isa = PBXFileReference; lastKnownFileType = sourcecode.swift; path = MyFriendsViewController.swift; sourceTree = "<group>"; };
		DE30859E28FF2BCA00A98E84 /* MyFriendsCell.swift */ = {isa = PBXFileReference; lastKnownFileType = sourcecode.swift; path = MyFriendsCell.swift; sourceTree = "<group>"; };
		DEBE8D9A28F2BCD70046EE88 /* Lesson1.app */ = {isa = PBXFileReference; explicitFileType = wrapper.application; includeInIndex = 0; path = Lesson1.app; sourceTree = BUILT_PRODUCTS_DIR; };
		DEBE8D9D28F2BCD70046EE88 /* AppDelegate.swift */ = {isa = PBXFileReference; lastKnownFileType = sourcecode.swift; path = AppDelegate.swift; sourceTree = "<group>"; };
		DEBE8D9F28F2BCD70046EE88 /* SceneDelegate.swift */ = {isa = PBXFileReference; lastKnownFileType = sourcecode.swift; path = SceneDelegate.swift; sourceTree = "<group>"; };
		DEBE8DA128F2BCD70046EE88 /* ViewController.swift */ = {isa = PBXFileReference; lastKnownFileType = sourcecode.swift; path = ViewController.swift; sourceTree = "<group>"; };
		DEBE8DA428F2BCD70046EE88 /* Base */ = {isa = PBXFileReference; lastKnownFileType = file.storyboard; name = Base; path = Base.lproj/Main.storyboard; sourceTree = "<group>"; };
		DEBE8DA628F2BCD80046EE88 /* Assets.xcassets */ = {isa = PBXFileReference; lastKnownFileType = folder.assetcatalog; path = Assets.xcassets; sourceTree = "<group>"; };
		DEBE8DA928F2BCD80046EE88 /* Base */ = {isa = PBXFileReference; lastKnownFileType = file.storyboard; name = Base; path = Base.lproj/LaunchScreen.storyboard; sourceTree = "<group>"; };
		DEBE8DAB28F2BCD80046EE88 /* Info.plist */ = {isa = PBXFileReference; lastKnownFileType = text.plist.xml; path = Info.plist; sourceTree = "<group>"; };
		DEFEF21128FF52E10031D54A /* FriendViewController.swift */ = {isa = PBXFileReference; lastKnownFileType = sourcecode.swift; path = FriendViewController.swift; sourceTree = "<group>"; };
		DEFEF21328FF53200031D54A /* FriendViewCell.swift */ = {isa = PBXFileReference; lastKnownFileType = sourcecode.swift; path = FriendViewCell.swift; sourceTree = "<group>"; };
		DEFEF218290004D00031D54A /* GlobalGroupsViewController.swift */ = {isa = PBXFileReference; lastKnownFileType = sourcecode.swift; path = GlobalGroupsViewController.swift; sourceTree = "<group>"; };
		DEFEF21A29001C810031D54A /* GlobalGroupsViewCell.swift */ = {isa = PBXFileReference; lastKnownFileType = sourcecode.swift; path = GlobalGroupsViewCell.swift; sourceTree = "<group>"; };
/* End PBXFileReference section */

/* Begin PBXFrameworksBuildPhase section */
		DEBE8D9728F2BCD70046EE88 /* Frameworks */ = {
			isa = PBXFrameworksBuildPhase;
			buildActionMask = 2147483647;
			files = (
			);
			runOnlyForDeploymentPostprocessing = 0;
		};
/* End PBXFrameworksBuildPhase section */

/* Begin PBXGroup section */
		DE30859528FDC3B200A98E84 /* Models */ = {
			isa = PBXGroup;
			children = (
				DE30859828FDD17F00A98E84 /* Group.swift */,
				DE30859A28FEE86400A98E84 /* Friend.swift */,
			);
			path = Models;
			sourceTree = "<group>";
		};
		DEBE8D9128F2BCD70046EE88 = {
			isa = PBXGroup;
			children = (
				DEBE8D9C28F2BCD70046EE88 /* Lesson1 */,
				DEBE8D9B28F2BCD70046EE88 /* Products */,
			);
			sourceTree = "<group>";
		};
		DEBE8D9B28F2BCD70046EE88 /* Products */ = {
			isa = PBXGroup;
			children = (
				DEBE8D9A28F2BCD70046EE88 /* Lesson1.app */,
			);
			name = Products;
			sourceTree = "<group>";
		};
		DEBE8D9C28F2BCD70046EE88 /* Lesson1 */ = {
			isa = PBXGroup;
			children = (
				DE30859528FDC3B200A98E84 /* Models */,
				DEFEF21728FF58FE0031D54A /* System */,
				DEFEF21628FF58E50031D54A /* Controllers */,
				DEFEF21528FF58BF0031D54A /* Cells */,
				DEBE8DAB28F2BCD80046EE88 /* Info.plist */,
			);
			path = Lesson1;
			sourceTree = "<group>";
		};
		DEFEF21528FF58BF0031D54A /* Cells */ = {
			isa = PBXGroup;
			children = (
				DEFEF21328FF53200031D54A /* FriendViewCell.swift */,
				DE30859628FDCBC300A98E84 /* MyGroupCell.swift */,
				DE30859E28FF2BCA00A98E84 /* MyFriendsCell.swift */,
				DEFEF21A29001C810031D54A /* GlobalGroupsViewCell.swift */,
			);
			path = Cells;
			sourceTree = "<group>";
		};
		DEFEF21628FF58E50031D54A /* Controllers */ = {
			isa = PBXGroup;
			children = (
				DEBE8DA128F2BCD70046EE88 /* ViewController.swift */,
				DE30859C28FF2B8000A98E84 /* MyFriendsViewController.swift */,
				DEFEF21128FF52E10031D54A /* FriendViewController.swift */,
				DE30859328FDC19C00A98E84 /* MyGroupsTableViewController.swift */,
				DE30859128FB31E800A98E84 /* LoginViewController.swift */,
				DEFEF218290004D00031D54A /* GlobalGroupsViewController.swift */,
			);
			path = Controllers;
			sourceTree = "<group>";
		};
		DEFEF21728FF58FE0031D54A /* System */ = {
			isa = PBXGroup;
			children = (
				DEBE8D9D28F2BCD70046EE88 /* AppDelegate.swift */,
				DEBE8D9F28F2BCD70046EE88 /* SceneDelegate.swift */,
				DEBE8DA328F2BCD70046EE88 /* Main.storyboard */,
				DEBE8DA628F2BCD80046EE88 /* Assets.xcassets */,
				DEBE8DA828F2BCD80046EE88 /* LaunchScreen.storyboard */,
			);
			path = System;
			sourceTree = "<group>";
		};
/* End PBXGroup section */

/* Begin PBXNativeTarget section */
		DEBE8D9928F2BCD70046EE88 /* Lesson1 */ = {
			isa = PBXNativeTarget;
			buildConfigurationList = DEBE8DAE28F2BCD80046EE88 /* Build configuration list for PBXNativeTarget "Lesson1" */;
			buildPhases = (
				DEBE8D9628F2BCD70046EE88 /* Sources */,
				DEBE8D9728F2BCD70046EE88 /* Frameworks */,
				DEBE8D9828F2BCD70046EE88 /* Resources */,
			);
			buildRules = (
			);
			dependencies = (
			);
			name = Lesson1;
			productName = Lesson1;
			productReference = DEBE8D9A28F2BCD70046EE88 /* Lesson1.app */;
			productType = "com.apple.product-type.application";
		};
/* End PBXNativeTarget section */

/* Begin PBXProject section */
		DEBE8D9228F2BCD70046EE88 /* Project object */ = {
			isa = PBXProject;
			attributes = {
				BuildIndependentTargetsInParallel = 1;
				LastSwiftUpdateCheck = 1400;
				LastUpgradeCheck = 1400;
				TargetAttributes = {
					DEBE8D9928F2BCD70046EE88 = {
						CreatedOnToolsVersion = 14.0.1;
					};
				};
			};
			buildConfigurationList = DEBE8D9528F2BCD70046EE88 /* Build configuration list for PBXProject "Lesson1" */;
			compatibilityVersion = "Xcode 14.0";
			developmentRegion = en;
			hasScannedForEncodings = 0;
			knownRegions = (
				en,
				Base,
			);
			mainGroup = DEBE8D9128F2BCD70046EE88;
			productRefGroup = DEBE8D9B28F2BCD70046EE88 /* Products */;
			projectDirPath = "";
			projectRoot = "";
			targets = (
				DEBE8D9928F2BCD70046EE88 /* Lesson1 */,
			);
		};
/* End PBXProject section */

/* Begin PBXResourcesBuildPhase section */
		DEBE8D9828F2BCD70046EE88 /* Resources */ = {
			isa = PBXResourcesBuildPhase;
			buildActionMask = 2147483647;
			files = (
				DEBE8DAA28F2BCD80046EE88 /* LaunchScreen.storyboard in Resources */,
				DEBE8DA728F2BCD80046EE88 /* Assets.xcassets in Resources */,
				DEBE8DA528F2BCD70046EE88 /* Main.storyboard in Resources */,
			);
			runOnlyForDeploymentPostprocessing = 0;
		};
/* End PBXResourcesBuildPhase section */

/* Begin PBXSourcesBuildPhase section */
		DEBE8D9628F2BCD70046EE88 /* Sources */ = {
			isa = PBXSourcesBuildPhase;
			buildActionMask = 2147483647;
			files = (
				DE30859928FDD17F00A98E84 /* Group.swift in Sources */,
				DE30859228FB31E800A98E84 /* LoginViewController.swift in Sources */,
				DEBE8DA228F2BCD70046EE88 /* ViewController.swift in Sources */,
				DEFEF219290004D00031D54A /* GlobalGroupsViewController.swift in Sources */,
				DE30859428FDC19C00A98E84 /* MyGroupsTableViewController.swift in Sources */,
				DEFEF21B29001C810031D54A /* GlobalGroupsViewCell.swift in Sources */,
				DE30859728FDCBC400A98E84 /* MyGroupCell.swift in Sources */,
				DE30859F28FF2BCA00A98E84 /* MyFriendsCell.swift in Sources */,
				DEFEF21428FF53200031D54A /* FriendViewCell.swift in Sources */,
				DE30859D28FF2B8000A98E84 /* MyFriendsViewController.swift in Sources */,
				DEBE8D9E28F2BCD70046EE88 /* AppDelegate.swift in Sources */,
				DEBE8DA028F2BCD70046EE88 /* SceneDelegate.swift in Sources */,
				DEFEF21228FF52E10031D54A /* FriendViewController.swift in Sources */,
				DE30859B28FEE86400A98E84 /* Friend.swift in Sources */,
			);
			runOnlyForDeploymentPostprocessing = 0;
		};
/* End PBXSourcesBuildPhase section */

/* Begin PBXVariantGroup section */
		DEBE8DA328F2BCD70046EE88 /* Main.storyboard */ = {
			isa = PBXVariantGroup;
			children = (
				DEBE8DA428F2BCD70046EE88 /* Base */,
			);
			name = Main.storyboard;
			sourceTree = "<group>";
		};
		DEBE8DA828F2BCD80046EE88 /* LaunchScreen.storyboard */ = {
			isa = PBXVariantGroup;
			children = (
				DEBE8DA928F2BCD80046EE88 /* Base */,
			);
			name = LaunchScreen.storyboard;
			sourceTree = "<group>";
		};
/* End PBXVariantGroup section */

/* Begin XCBuildConfiguration section */
		DEBE8DAC28F2BCD80046EE88 /* Debug */ = {
			isa = XCBuildConfiguration;
			buildSettings = {
				ALWAYS_SEARCH_USER_PATHS = NO;
				CLANG_ANALYZER_NONNULL = YES;
				CLANG_ANALYZER_NUMBER_OBJECT_CONVERSION = YES_AGGRESSIVE;
				CLANG_CXX_LANGUAGE_STANDARD = "gnu++20";
				CLANG_ENABLE_MODULES = YES;
				CLANG_ENABLE_OBJC_ARC = YES;
				CLANG_ENABLE_OBJC_WEAK = YES;
				CLANG_WARN_BLOCK_CAPTURE_AUTORELEASING = YES;
				CLANG_WARN_BOOL_CONVERSION = YES;
				CLANG_WARN_COMMA = YES;
				CLANG_WARN_CONSTANT_CONVERSION = YES;
				CLANG_WARN_DEPRECATED_OBJC_IMPLEMENTATIONS = YES;
				CLANG_WARN_DIRECT_OBJC_ISA_USAGE = YES_ERROR;
				CLANG_WARN_DOCUMENTATION_COMMENTS = YES;
				CLANG_WARN_EMPTY_BODY = YES;
				CLANG_WARN_ENUM_CONVERSION = YES;
				CLANG_WARN_INFINITE_RECURSION = YES;
				CLANG_WARN_INT_CONVERSION = YES;
				CLANG_WARN_NON_LITERAL_NULL_CONVERSION = YES;
				CLANG_WARN_OBJC_IMPLICIT_RETAIN_SELF = YES;
				CLANG_WARN_OBJC_LITERAL_CONVERSION = YES;
				CLANG_WARN_OBJC_ROOT_CLASS = YES_ERROR;
				CLANG_WARN_QUOTED_INCLUDE_IN_FRAMEWORK_HEADER = YES;
				CLANG_WARN_RANGE_LOOP_ANALYSIS = YES;
				CLANG_WARN_STRICT_PROTOTYPES = YES;
				CLANG_WARN_SUSPICIOUS_MOVE = YES;
				CLANG_WARN_UNGUARDED_AVAILABILITY = YES_AGGRESSIVE;
				CLANG_WARN_UNREACHABLE_CODE = YES;
				CLANG_WARN__DUPLICATE_METHOD_MATCH = YES;
				COPY_PHASE_STRIP = NO;
				DEBUG_INFORMATION_FORMAT = dwarf;
				ENABLE_STRICT_OBJC_MSGSEND = YES;
				ENABLE_TESTABILITY = YES;
				GCC_C_LANGUAGE_STANDARD = gnu11;
				GCC_DYNAMIC_NO_PIC = NO;
				GCC_NO_COMMON_BLOCKS = YES;
				GCC_OPTIMIZATION_LEVEL = 0;
				GCC_PREPROCESSOR_DEFINITIONS = (
					"DEBUG=1",
					"$(inherited)",
				);
				GCC_WARN_64_TO_32_BIT_CONVERSION = YES;
				GCC_WARN_ABOUT_RETURN_TYPE = YES_ERROR;
				GCC_WARN_UNDECLARED_SELECTOR = YES;
				GCC_WARN_UNINITIALIZED_AUTOS = YES_AGGRESSIVE;
				GCC_WARN_UNUSED_FUNCTION = YES;
				GCC_WARN_UNUSED_VARIABLE = YES;
				IPHONEOS_DEPLOYMENT_TARGET = 16.0;
				MTL_ENABLE_DEBUG_INFO = INCLUDE_SOURCE;
				MTL_FAST_MATH = YES;
				ONLY_ACTIVE_ARCH = YES;
				SDKROOT = iphoneos;
				SWIFT_ACTIVE_COMPILATION_CONDITIONS = DEBUG;
				SWIFT_OPTIMIZATION_LEVEL = "-Onone";
			};
			name = Debug;
		};
		DEBE8DAD28F2BCD80046EE88 /* Release */ = {
			isa = XCBuildConfiguration;
			buildSettings = {
				ALWAYS_SEARCH_USER_PATHS = NO;
				CLANG_ANALYZER_NONNULL = YES;
				CLANG_ANALYZER_NUMBER_OBJECT_CONVERSION = YES_AGGRESSIVE;
				CLANG_CXX_LANGUAGE_STANDARD = "gnu++20";
				CLANG_ENABLE_MODULES = YES;
				CLANG_ENABLE_OBJC_ARC = YES;
				CLANG_ENABLE_OBJC_WEAK = YES;
				CLANG_WARN_BLOCK_CAPTURE_AUTORELEASING = YES;
				CLANG_WARN_BOOL_CONVERSION = YES;
				CLANG_WARN_COMMA = YES;
				CLANG_WARN_CONSTANT_CONVERSION = YES;
				CLANG_WARN_DEPRECATED_OBJC_IMPLEMENTATIONS = YES;
				CLANG_WARN_DIRECT_OBJC_ISA_USAGE = YES_ERROR;
				CLANG_WARN_DOCUMENTATION_COMMENTS = YES;
				CLANG_WARN_EMPTY_BODY = YES;
				CLANG_WARN_ENUM_CONVERSION = YES;
				CLANG_WARN_INFINITE_RECURSION = YES;
				CLANG_WARN_INT_CONVERSION = YES;
				CLANG_WARN_NON_LITERAL_NULL_CONVERSION = YES;
				CLANG_WARN_OBJC_IMPLICIT_RETAIN_SELF = YES;
				CLANG_WARN_OBJC_LITERAL_CONVERSION = YES;
				CLANG_WARN_OBJC_ROOT_CLASS = YES_ERROR;
				CLANG_WARN_QUOTED_INCLUDE_IN_FRAMEWORK_HEADER = YES;
				CLANG_WARN_RANGE_LOOP_ANALYSIS = YES;
				CLANG_WARN_STRICT_PROTOTYPES = YES;
				CLANG_WARN_SUSPICIOUS_MOVE = YES;
				CLANG_WARN_UNGUARDED_AVAILABILITY = YES_AGGRESSIVE;
				CLANG_WARN_UNREACHABLE_CODE = YES;
				CLANG_WARN__DUPLICATE_METHOD_MATCH = YES;
				COPY_PHASE_STRIP = NO;
				DEBUG_INFORMATION_FORMAT = "dwarf-with-dsym";
				ENABLE_NS_ASSERTIONS = NO;
				ENABLE_STRICT_OBJC_MSGSEND = YES;
				GCC_C_LANGUAGE_STANDARD = gnu11;
				GCC_NO_COMMON_BLOCKS = YES;
				GCC_WARN_64_TO_32_BIT_CONVERSION = YES;
				GCC_WARN_ABOUT_RETURN_TYPE = YES_ERROR;
				GCC_WARN_UNDECLARED_SELECTOR = YES;
				GCC_WARN_UNINITIALIZED_AUTOS = YES_AGGRESSIVE;
				GCC_WARN_UNUSED_FUNCTION = YES;
				GCC_WARN_UNUSED_VARIABLE = YES;
				IPHONEOS_DEPLOYMENT_TARGET = 16.0;
				MTL_ENABLE_DEBUG_INFO = NO;
				MTL_FAST_MATH = YES;
				SDKROOT = iphoneos;
				SWIFT_COMPILATION_MODE = wholemodule;
				SWIFT_OPTIMIZATION_LEVEL = "-O";
				VALIDATE_PRODUCT = YES;
			};
			name = Release;
		};
		DEBE8DAF28F2BCD80046EE88 /* Debug */ = {
			isa = XCBuildConfiguration;
			buildSettings = {
				ASSETCATALOG_COMPILER_APPICON_NAME = AppIcon;
				ASSETCATALOG_COMPILER_GLOBAL_ACCENT_COLOR_NAME = AccentColor;
				CODE_SIGN_STYLE = Automatic;
				CURRENT_PROJECT_VERSION = 1;
				DEVELOPMENT_TEAM = 59A3B26389;
				GENERATE_INFOPLIST_FILE = YES;
				INFOPLIST_FILE = Lesson1/Info.plist;
				INFOPLIST_KEY_UIApplicationSupportsIndirectInputEvents = YES;
				INFOPLIST_KEY_UILaunchStoryboardName = LaunchScreen;
				INFOPLIST_KEY_UIMainStoryboardFile = Main;
				INFOPLIST_KEY_UISupportedInterfaceOrientations_iPad = "UIInterfaceOrientationPortrait UIInterfaceOrientationPortraitUpsideDown UIInterfaceOrientationLandscapeLeft UIInterfaceOrientationLandscapeRight";
				INFOPLIST_KEY_UISupportedInterfaceOrientations_iPhone = "UIInterfaceOrientationPortrait UIInterfaceOrientationLandscapeLeft UIInterfaceOrientationLandscapeRight";
				LD_RUNPATH_SEARCH_PATHS = (
					"$(inherited)",
					"@executable_path/Frameworks",
				);
				MARKETING_VERSION = 1.0;
				PRODUCT_BUNDLE_IDENTIFIER = XX.Lesson1;
				PRODUCT_NAME = "$(TARGET_NAME)";
				SWIFT_EMIT_LOC_STRINGS = YES;
				SWIFT_VERSION = 5.0;
				TARGETED_DEVICE_FAMILY = "1,2";
			};
			name = Debug;
		};
		DEBE8DB028F2BCD80046EE88 /* Release */ = {
			isa = XCBuildConfiguration;
			buildSettings = {
				ASSETCATALOG_COMPILER_APPICON_NAME = AppIcon;
				ASSETCATALOG_COMPILER_GLOBAL_ACCENT_COLOR_NAME = AccentColor;
				CODE_SIGN_STYLE = Automatic;
				CURRENT_PROJECT_VERSION = 1;
				DEVELOPMENT_TEAM = 59A3B26389;
				GENERATE_INFOPLIST_FILE = YES;
				INFOPLIST_FILE = Lesson1/Info.plist;
				INFOPLIST_KEY_UIApplicationSupportsIndirectInputEvents = YES;
				INFOPLIST_KEY_UILaunchStoryboardName = LaunchScreen;
				INFOPLIST_KEY_UIMainStoryboardFile = Main;
				INFOPLIST_KEY_UISupportedInterfaceOrientations_iPad = "UIInterfaceOrientationPortrait UIInterfaceOrientationPortraitUpsideDown UIInterfaceOrientationLandscapeLeft UIInterfaceOrientationLandscapeRight";
				INFOPLIST_KEY_UISupportedInterfaceOrientations_iPhone = "UIInterfaceOrientationPortrait UIInterfaceOrientationLandscapeLeft UIInterfaceOrientationLandscapeRight";
				LD_RUNPATH_SEARCH_PATHS = (
					"$(inherited)",
					"@executable_path/Frameworks",
				);
				MARKETING_VERSION = 1.0;
				PRODUCT_BUNDLE_IDENTIFIER = XX.Lesson1;
				PRODUCT_NAME = "$(TARGET_NAME)";
				SWIFT_EMIT_LOC_STRINGS = YES;
				SWIFT_VERSION = 5.0;
				TARGETED_DEVICE_FAMILY = "1,2";
			};
			name = Release;
		};
/* End XCBuildConfiguration section */

/* Begin XCConfigurationList section */
		DEBE8D9528F2BCD70046EE88 /* Build configuration list for PBXProject "Lesson1" */ = {
			isa = XCConfigurationList;
			buildConfigurations = (
				DEBE8DAC28F2BCD80046EE88 /* Debug */,
				DEBE8DAD28F2BCD80046EE88 /* Release */,
			);
			defaultConfigurationIsVisible = 0;
			defaultConfigurationName = Release;
		};
		DEBE8DAE28F2BCD80046EE88 /* Build configuration list for PBXNativeTarget "Lesson1" */ = {
			isa = XCConfigurationList;
			buildConfigurations = (
				DEBE8DAF28F2BCD80046EE88 /* Debug */,
				DEBE8DB028F2BCD80046EE88 /* Release */,
			);
			defaultConfigurationIsVisible = 0;
			defaultConfigurationName = Release;
		};
/* End XCConfigurationList section */
	};
	rootObject = DEBE8D9228F2BCD70046EE88 /* Project object */;
}
